
Microsoft Visual Studio Solution File, Format Version 12.00
# Visual Studio 2013
VisualStudioVersion = 12.0.30723.0
MinimumVisualStudioVersion = 10.0.40219.1
Project("{FAE04EC0-301F-11D3-BF4B-00C04F79EFBC}") = "HockeyApp-Unity-WP8Fake", "HockeyAppUnityWP8Fake\HockeyApp-Unity-WP8Fake.csproj", "{39E0E22A-1D6E-4783-833D-73458AD0E845}"
EndProject
Project("{FAE04EC0-301F-11D3-BF4B-00C04F79EFBC}") = "HockeyApp-Unity-WP8", "HockeyAppUnity\HockeyApp-Unity-WP8.csproj", "{F2D928CF-F188-4E97-B090-BFBA19528C03}"
EndProject
Project("{FAE04EC0-301F-11D3-BF4B-00C04F79EFBC}") = "HockeySDK_Portable45", "..\..\HockeySDK-Windows\HockeySDK_Portable45\HockeySDK_Portable45.csproj", "{643606BA-84A8-483F-A582-49E472B8701E}"
EndProject
Global
	GlobalSection(SolutionConfigurationPlatforms) = preSolution
		Debug|Any CPU = Debug|Any CPU
		Debug|ARM = Debug|ARM
		Debug|x86 = Debug|x86
		Release|Any CPU = Release|Any CPU
		Release|ARM = Release|ARM
		Release|x86 = Release|x86
	EndGlobalSection
	GlobalSection(ProjectConfigurationPlatforms) = postSolution
		{39E0E22A-1D6E-4783-833D-73458AD0E845}.Debug|Any CPU.ActiveCfg = Debug|Any CPU
		{39E0E22A-1D6E-4783-833D-73458AD0E845}.Debug|Any CPU.Build.0 = Debug|Any CPU
		{39E0E22A-1D6E-4783-833D-73458AD0E845}.Debug|ARM.ActiveCfg = Debug|Any CPU
		{39E0E22A-1D6E-4783-833D-73458AD0E845}.Debug|x86.ActiveCfg = Debug|Any CPU
		{39E0E22A-1D6E-4783-833D-73458AD0E845}.Release|Any CPU.ActiveCfg = Release|Any CPU
		{39E0E22A-1D6E-4783-833D-73458AD0E845}.Release|Any CPU.Build.0 = Release|Any CPU
		{39E0E22A-1D6E-4783-833D-73458AD0E845}.Release|ARM.ActiveCfg = Release|Any CPU
		{39E0E22A-1D6E-4783-833D-73458AD0E845}.Release|x86.ActiveCfg = Release|Any CPU
		{F2D928CF-F188-4E97-B090-BFBA19528C03}.Debug|Any CPU.ActiveCfg = Debug|Any CPU
		{F2D928CF-F188-4E97-B090-BFBA19528C03}.Debug|Any CPU.Build.0 = Debug|Any CPU
		{F2D928CF-F188-4E97-B090-BFBA19528C03}.Debug|ARM.ActiveCfg = Debug|ARM
		{F2D928CF-F188-4E97-B090-BFBA19528C03}.Debug|ARM.Build.0 = Debug|ARM
		{F2D928CF-F188-4E97-B090-BFBA19528C03}.Debug|x86.ActiveCfg = Debug|x86
		{F2D928CF-F188-4E97-B090-BFBA19528C03}.Debug|x86.Build.0 = Debug|x86
		{F2D928CF-F188-4E97-B090-BFBA19528C03}.Release|Any CPU.ActiveCfg = Release|Any CPU
		{F2D928CF-F188-4E97-B090-BFBA19528C03}.Release|Any CPU.Build.0 = Release|Any CPU
		{F2D928CF-F188-4E97-B090-BFBA19528C03}.Release|ARM.ActiveCfg = Release|ARM
		{F2D928CF-F188-4E97-B090-BFBA19528C03}.Release|ARM.Build.0 = Release|ARM
		{F2D928CF-F188-4E97-B090-BFBA19528C03}.Release|x86.ActiveCfg = Release|x86
		{F2D928CF-F188-4E97-B090-BFBA19528C03}.Release|x86.Build.0 = Release|x86
		{643606BA-84A8-483F-A582-49E472B8701E}.Debug|Any CPU.ActiveCfg = Debug|Any CPU
		{643606BA-84A8-483F-A582-49E472B8701E}.Debug|Any CPU.Build.0 = Debug|Any CPU
		{643606BA-84A8-483F-A582-49E472B8701E}.Debug|ARM.ActiveCfg = Debug|Any CPU
		{643606BA-84A8-483F-A582-49E472B8701E}.Debug|x86.ActiveCfg = Debug|Any CPU
		{643606BA-84A8-483F-A582-49E472B8701E}.Release|Any CPU.ActiveCfg = Release|Any CPU
		{643606BA-84A8-483F-A582-49E472B8701E}.Release|Any CPU.Build.0 = Release|Any CPU
		{643606BA-84A8-483F-A582-49E472B8701E}.Release|ARM.ActiveCfg = Release|Any CPU
		{643606BA-84A8-483F-A582-49E472B8701E}.Release|x86.ActiveCfg = Release|Any CPU
	EndGlobalSection
	GlobalSection(SolutionProperties) = preSolution
		HideSolutionNode = FALSE
	EndGlobalSection
EndGlobal
